lockfile_version: '1'
generated_at: '2026-09-15T09:02:15.347707+00:00'
dependencies: []
deployments:
- kind: project-relative
  target: agents
  value: .agents/skills/rfhub
  runtime: null
  scope: project
  owners:
  - .
  active_owner: .
  content_hash: null
- kind: project-relative
  target: agents
  value: .agents/skills/rfhub-connect
  runtime: null
  scope: project
  owners:
  - .
  active_owner: .
  content_hash: null
- kind: project-relative
  target: agents
  value: .agents/skills/rfhub-connect/SKILL.md
  runtime: null
  scope: project
  owners:
  - .
  active_owner: .
  content_hash: sha256:03f5c633780b19e1e4afef509c49f4f83b01071a0b8b9f3b52f384e48c0f7fbd
- kind: project-relative
  target: agents
  value: .agents/skills/rfhub-connect/evals/eval_queries.json
  runtime: null
  scope: project
  owners:
  - .
  active_owner: .
  content_hash: sha256:222d64e67b01697f405b018da0efd32fe6fb96362475827bd384687af8de6cb6
- kind: project-relative
  target: agents
  value: .agents/skills/rfhub-connect/evals/evals.json
  runtime: null
  scope: project
  owners:
  - .
  active_owner: .
  content_hash: sha256:750c17b96b3e776c2d4ab707d6cacac6bbb5f256e423638bcbe26b46a65ed3da
- kind: project-relative
  target: agents
  value: .agents/skills/rfhub-connect/references/mcp-json.md
  runtime: null
  scope: project
  owners:
  - .
  active_owner: .
  content_hash: sha256:91c7986e4bf239276b3122a0269054899405e07238091afebaaf10f8a5106b03
- kind: project-relative
  target: agents
  value: .agents/skills/rfhub-investigate
  runtime: null
  scope: project
  owners:
  - .
  active_owner: .
  content_hash: null
- kind: project-relative
  target: agents
  value: .agents/skills/rfhub-investigate/SKILL.md
  runtime: null
  scope: project
  owners:
  - .
  active_owner: .
  content_hash: sha256:5fd220d63542a7ace8c52dbf956f88d13eccc3a384f7d75f5e24a57d39ecfb35
- kind: project-relative
  target: agents
  value: .agents/skills/rfhub-investigate/evals/eval_queries.json
  runtime: null
  scope: project
  owners:
  - .
  active_owner: .
  content_hash: sha256:4a13850b817c5d5bb6a9c67777f449992be07702c519cac30ee0cbfac961b2ee
- kind: project-relative
  target: agents
  value: .agents/skills/rfhub-investigate/evals/evals.json
  runtime: null
  scope: project
  owners:
  - .
  active_owner: .
  content_hash: sha256:99beff9e25839014db62e43ca655f32011b608738d0e6892f42d93d58201c1a4
- kind: project-relative
  target: agents
  value: .agents/skills/rfhub-investigate/references/metrics.md
  runtime: null
  scope: project
  owners:
  - .
  active_owner: .
  content_hash: sha256:0d8f7d84717a0a6d3f156daa4f343d927a5df57dced6ac060133fde13691ad4b
- kind: project-relative
  target: agents
  value: .agents/skills/rfhub-queue
  runtime: null
  scope: project
  owners:
  - .
  active_owner: .
  content_hash: null
- kind: project-relative
  target: agents
  value: .agents/skills/rfhub-queue/SKILL.md
  runtime: null
  scope: project
  owners:
  - .
  active_owner: .
  content_hash: sha256:0802ec5a9e8f08c8e3606e2c1c289411179bd690c9f16957dcb054ce83452aca
- kind: project-relative
  target: agents
  value: .agents/skills/rfhub-queue/evals/eval_queries.json
  runtime: null
  scope: project
  owners:
  - .
  active_owner: .
  content_hash: sha256:1ed6fc9b4792b3e265b2f0eae2fd2a1cfbc0e5db333451f6bb974dd566a5f696
- kind: project-relative
  target: agents
  value: .agents/skills/rfhub-queue/evals/evals.json
  runtime: null
  scope: project
  owners:
  - .
  active_owner: .
  content_hash: sha256:626468e2f32ff2a30db75702937022c99e67b0ea39e8761b01fa236faafd55be
- kind: project-relative
  target: agents
  value: .agents/skills/rfhub-queue/references/queue.md
  runtime: null
  scope: project
  owners:
  - .
  active_owner: .
  content_hash: sha256:bf38800581854e26d4504fc49cdbb20da8c6ec6756a1f8b35cf3fdd29f6e9d11
- kind: project-relative
  target: agents
  value: .agents/skills/rfhub-write-argumentfile
  runtime: null
  scope: project
  owners:
  - .
  active_owner: .
  content_hash: null
- kind: project-relative
  target: agents
  value: .agents/skills/rfhub-write-argumentfile/SKILL.md
  runtime: null
  scope: project
  owners:
  - .
  active_owner: .
  content_hash: sha256:46b0dd905eae2dd9ae9ab1711c0d236cef6e49d008d61651db164fe04795e156
- kind: project-relative
  target: agents
  value: .agents/skills/rfhub-write-argumentfile/evals/eval_queries.json
  runtime: null
  scope: project
  owners:
  - .
  active_owner: .
  content_hash: sha256:3d9911a9e79f8b8fce991b6e661a52ab59b9fdd1c05be2b43419d8a1b5b1e166
- kind: project-relative
  target: agents
  value: .agents/skills/rfhub-write-argumentfile/evals/evals.json
  runtime: null
  scope: project
  owners:
  - .
  active_owner: .
  content_hash: sha256:df38bfa5e47c294a5142d869d24a807111757cf281384a6f00fc9b3e0f1e22db
- kind: project-relative
  target: agents
  value: .agents/skills/rfhub-write-argumentfile/references/args-example.md
  runtime: null
  scope: project
  owners:
  - .
  active_owner: .
  content_hash: sha256:9035650b0be5efbc1a2654cef75f8b8b620dff242448f9ddccb18f3d187edff1
- kind: project-relative
  target: agents
  value: .agents/skills/rfhub-write-pythonkeyword
  runtime: null
  scope: project
  owners:
  - .
  active_owner: .
  content_hash: null
- kind: project-relative
  target: agents
  value: .agents/skills/rfhub-write-pythonkeyword/SKILL.md
  runtime: null
  scope: project
  owners:
  - .
  active_owner: .
  content_hash: sha256:54762fe024ca4614c9d08ee1f2aab61813e576d70d82959a6d7734ec2da1b48b
- kind: project-relative
  target: agents
  value: .agents/skills/rfhub-write-pythonkeyword/evals/eval_queries.json
  runtime: null
  scope: project
  owners:
  - .
  active_owner: .
  content_hash: sha256:e09a6322ee0bace1b6fbe439c7941d855f1d20a115870c7b59c52db876a376c3
- kind: project-relative
  target: agents
  value: .agents/skills/rfhub-write-pythonkeyword/evals/evals.json
  runtime: null
  scope: project
  owners:
  - .
  active_owner: .
  content_hash: sha256:510f01e006a63328f40d96e25032c1fce0d8b0da20c21216f653f4984db11c7d
- kind: project-relative
  target: agents
  value: .agents/skills/rfhub-write-pythonkeyword/references/overlay.md
  runtime: null
  scope: project
  owners:
  - .
  active_owner: .
  content_hash: sha256:713492d97abba84d8eebecda65e514990c5c94e1682d9dc19cd79f7eef06dbb9
- kind: project-relative
  target: agents
  value: .agents/skills/rfhub-write-resourcekeyword
  runtime: null
  scope: project
  owners:
  - .
  active_owner: .
  content_hash: null
- kind: project-relative
  target: agents
  value: .agents/skills/rfhub-write-resourcekeyword/SKILL.md
  runtime: null
  scope: project
  owners:
  - .
  active_owner: .
  content_hash: sha256:bf035fe591ffff4da1784c411f033a377798aeb4646bfd05bea5ce7e392ddf83
- kind: project-relative
  target: agents
  value: .agents/skills/rfhub-write-resourcekeyword/evals/eval_queries.json
  runtime: null
  scope: project
  owners:
  - .
  active_owner: .
  content_hash: sha256:224ae49c1fe2aa391038adff6a20eb9c551d34c98b23c8235c6160036e806aae
- kind: project-relative
  target: agents
  value: .agents/skills/rfhub-write-resourcekeyword/evals/evals.json
  runtime: null
  scope: project
  owners:
  - .
  active_owner: .
  content_hash: sha256:da7a5475721322c0e32832991771e0ad84f7b2baaf026ccdb9ba69441a87cc10
- kind: project-relative
  target: agents
  value: .agents/skills/rfhub-write-suite
  runtime: null
  scope: project
  owners:
  - .
  active_owner: .
  content_hash: null
- kind: project-relative
  target: agents
  value: .agents/skills/rfhub-write-suite/SKILL.md
  runtime: null
  scope: project
  owners:
  - .
  active_owner: .
  content_hash: sha256:0d8bdd80102d8cf53d4c0e2a44a22de67310264c9c3d69a9e76132c5e30b8b42
- kind: project-relative
  target: agents
  value: .agents/skills/rfhub-write-suite/evals/eval_queries.json
  runtime: null
  scope: project
  owners:
  - .
  active_owner: .
  content_hash: sha256:23f0e4905e2c1cb9f7bf0ddd215243b109a98642ea267c9a24ee79e60f4880dc
- kind: project-relative
  target: agents
  value: .agents/skills/rfhub-write-suite/evals/evals.json
  runtime: null
  scope: project
  owners:
  - .
  active_owner: .
  content_hash: sha256:332949ad41b44f1d9aae4a342059751ca053698af2dd1f124fb2bbce4714ee3e
- kind: project-relative
  target: agents
  value: .agents/skills/rfhub-write-suitekeyword
  runtime: null
  scope: project
  owners:
  - .
  active_owner: .
  content_hash: null
- kind: project-relative
  target: agents
  value: .agents/skills/rfhub-write-suitekeyword/SKILL.md
  runtime: null
  scope: project
  owners:
  - .
  active_owner: .
  content_hash: sha256:16a413ee4456c4e6e144bddf247e65c557aeb39d11cc565903d5c69f2a205194
- kind: project-relative
  target: agents
  value: .agents/skills/rfhub-write-suitekeyword/evals/eval_queries.json
  runtime: null
  scope: project
  owners:
  - .
  active_owner: .
  content_hash: sha256:f7fe7d5542f484f941566c9ee16d0f5556d2e38c50f0bfb5510bcf4cc9aea778
- kind: project-relative
  target: agents
  value: .agents/skills/rfhub-write-suitekeyword/evals/evals.json
  runtime: null
  scope: project
  owners:
  - .
  active_owner: .
  content_hash: sha256:b1508fb0bde0ad6be9e0de2b32eaa643266736d76f5825aedbeee11b93b5ebac
- kind: project-relative
  target: agents
  value: .agents/skills/rfhub-write-testcase
  runtime: null
  scope: project
  owners:
  - .
  active_owner: .
  content_hash: null
- kind: project-relative
  target: agents
  value: .agents/skills/rfhub-write-testcase/SKILL.md
  runtime: null
  scope: project
  owners:
  - .
  active_owner: .
  content_hash: sha256:1ea9c2dbac83fa25003d2be061ec4d996fb4f0492662209c2dbb6ae68668f03f
- kind: project-relative
  target: agents
  value: .agents/skills/rfhub-write-testcase/evals/eval_queries.json
  runtime: null
  scope: project
  owners:
  - .
  active_owner: .
  content_hash: sha256:e973819ddc539dfbc09abcc3e0c4e1e1f985d26a749a12a7014562d1657a4a28
- kind: project-relative
  target: agents
  value: .agents/skills/rfhub-write-testcase/evals/evals.json
  runtime: null
  scope: project
  owners:
  - .
  active_owner: .
  content_hash: sha256:61aea29e2334450353266981e7010068f0f407be7af928a3e6031290cbdbd205
- kind: project-relative
  target: agents
  value: .agents/skills/rfhub/SKILL.md
  runtime: null
  scope: project
  owners:
  - .
  active_owner: .
  content_hash: sha256:be7daf2c8e3751a56bd290b4733f14414cab7b48cafcea16b8d732210981eef9
- kind: project-relative
  target: agents
  value: .agents/skills/rfhub/evals/eval_queries.json
  runtime: null
  scope: project
  owners:
  - .
  active_owner: .
  content_hash: sha256:b30a52a10ba094a1c8358221319e377f73f2c894b3cc53e5f2c9095f1a2e523c
- kind: project-relative
  target: agents
  value: .agents/skills/rfhub/evals/evals.json
  runtime: null
  scope: project
  owners:
  - .
  active_owner: .
  content_hash: sha256:95339c07d5a1275e198539f55271fc60ca4cce262931165a2e3d3260916d20d7
- kind: project-relative
  target: agents
  value: .agents/skills/rfhub/references/mcp-map.md
  runtime: null
  scope: project
  owners:
  - .
  active_owner: .
  content_hash: sha256:05cb387ee5a2d3ebc13050f1f7c5241b7244c9df093a81d071ff97c75dd752a5
- kind: project-relative
  target: claude
  value: .claude/rules/rfhub-failure-evidence.md
  runtime: null
  scope: project
  owners:
  - .
  active_owner: .
  content_hash: sha256:6ad8f76873d699ed9e6961a6b6cf1838e8f2e1e4e99519b47cd1375ced4a5ef8
- kind: project-relative
  target: claude
  value: .claude/rules/rfhub-gherkin.md
  runtime: null
  scope: project
  owners:
  - .
  active_owner: .
  content_hash: sha256:038de08d02a4b57d5e0c7295c1f88cc3a005ffd5a352473fef6cd4c09a523921
- kind: project-relative
  target: claude
  value: .claude/rules/rfhub-leaf-suites.md
  runtime: null
  scope: project
  owners:
  - .
  active_owner: .
  content_hash: sha256:b06e1d81d6ae9ce3f3e5963d55b1361f1b2c371165386c47fb26666f35d23741
- kind: project-relative
  target: claude
  value: .claude/rules/rfhub-stable-ids.md
  runtime: null
  scope: project
  owners:
  - .
  active_owner: .
  content_hash: sha256:cbfd51329811c9f22126f0c8eb731d308e923c50df06ddce9917a0fadd48e079
- kind: project-relative
  target: claude
  value: .claude/rules/rfhub-tag-placement.md
  runtime: null
  scope: project
  owners:
  - .
  active_owner: .
  content_hash: sha256:62fa01f13200c8263f5a335828834f3d8376b130967007b584734fe29e14ebe9
- kind: project-relative
  target: claude
  value: .claude/skills/rfhub
  runtime: null
  scope: project
  owners:
  - .
  active_owner: .
  content_hash: null
- kind: project-relative
  target: claude
  value: .claude/skills/rfhub-connect
  runtime: null
  scope: project
  owners:
  - .
  active_owner: .
  content_hash: null
- kind: project-relative
  target: claude
  value: .claude/skills/rfhub-connect/SKILL.md
  runtime: null
  scope: project
  owners:
  - .
  active_owner: .
  content_hash: sha256:03f5c633780b19e1e4afef509c49f4f83b01071a0b8b9f3b52f384e48c0f7fbd
- kind: project-relative
  target: claude
  value: .claude/skills/rfhub-connect/evals/eval_queries.json
  runtime: null
  scope: project
  owners:
  - .
  active_owner: .
  content_hash: sha256:222d64e67b01697f405b018da0efd32fe6fb96362475827bd384687af8de6cb6
- kind: project-relative
  target: claude
  value: .claude/skills/rfhub-connect/evals/evals.json
  runtime: null
  scope: project
  owners:
  - .
  active_owner: .
  content_hash: sha256:750c17b96b3e776c2d4ab707d6cacac6bbb5f256e423638bcbe26b46a65ed3da
- kind: project-relative
  target: claude
  value: .claude/skills/rfhub-connect/references/mcp-json.md
  runtime: null
  scope: project
  owners:
  - .
  active_owner: .
  content_hash: sha256:91c7986e4bf239276b3122a0269054899405e07238091afebaaf10f8a5106b03
- kind: project-relative
  target: claude
  value: .claude/skills/rfhub-feedback
  runtime: null
  scope: project
  owners:
  - .
  active_owner: .
  content_hash: null
- kind: project-relative
  target: claude
  value: .claude/skills/rfhub-feedback/SKILL.md
  runtime: null
  scope: project
  owners:
  - .
  active_owner: .
  content_hash: sha256:daa3f6a8517ac84b0df70ef87682bf9b18cbf4554c287baf223e51d2963d0090
- kind: project-relative
  target: claude
  value: .claude/skills/rfhub-feedback/evals/eval_queries.json
  runtime: null
  scope: project
  owners:
  - .
  active_owner: .
  content_hash: sha256:3a6e45bb604da458943a1a62d8c3ecc6aa3e1e4a282ab2cc7b6ed62dc0b9d7eb
- kind: project-relative
  target: claude
  value: .claude/skills/rfhub-feedback/evals/evals.json
  runtime: null
  scope: project
  owners:
  - .
  active_owner: .
  content_hash: sha256:b5ef9ca4351ef96cfc2960217b30db23652cbb3adf963358695790c6c752d0d1
- kind: project-relative
  target: claude
  value: .claude/skills/rfhub-feedback/references/issue-templates.md
  runtime: null
  scope: project
  owners:
  - .
  active_owner: .
  content_hash: sha256:f3cd176f677108b498ebb300e407bcf6daa9bad5673ba627defc9a8e3da3d804
- kind: project-relative
  target: claude
  value: .claude/skills/rfhub-fixloop
  runtime: null
  scope: project
  owners:
  - .
  active_owner: .
  content_hash: null
- kind: project-relative
  target: claude
  value: .claude/skills/rfhub-fixloop/SKILL.md
  runtime: null
  scope: project
  owners:
  - .
  active_owner: .
  content_hash: sha256:3176bbaf074a0168115a200ab3f07a7dddd06b2e728f22df440f3e90217bea87
- kind: project-relative
  target: claude
  value: .claude/skills/rfhub-fixloop/evals/eval_queries.json
  runtime: null
  scope: project
  owners:
  - .
  active_owner: .
  content_hash: sha256:b7f2b82b68c8d65a81a28e5497b0eacb4537762ea0161ded6144dc5dc349f66a
- kind: project-relative
  target: claude
  value: .claude/skills/rfhub-fixloop/evals/evals.json
  runtime: null
  scope: project
  owners:
  - .
  active_owner: .
  content_hash: sha256:a84973f40beda5aac2cc769193a6408eb84bf5c1a4f75e5b2ea9165787a7243a
- kind: project-relative
  target: claude
  value: .claude/skills/rfhub-investigate
  runtime: null
  scope: project
  owners:
  - .
  active_owner: .
  content_hash: null
- kind: project-relative
  target: claude
  value: .claude/skills/rfhub-investigate/SKILL.md
  runtime: null
  scope: project
  owners:
  - .
  active_owner: .
  content_hash: sha256:96805c15ef91f4b856e6df69e9dfb2e3072a0e6366f12059567d77f18beddd6f
- kind: project-relative
  target: claude
  value: .claude/skills/rfhub-investigate/evals/eval_queries.json
  runtime: null
  scope: project
  owners:
  - .
  active_owner: .
  content_hash: sha256:cd135499627767490606c1a00c4fc7d41889bd7c27a1003376b1f567a7b63002
- kind: project-relative
  target: claude
  value: .claude/skills/rfhub-investigate/evals/evals.json
  runtime: null
  scope: project
  owners:
  - .
  active_owner: .
  content_hash: sha256:a9003564847e391735fa6ee085e69f31392f188b275e8ba17fd36bed53b2c945
- kind: project-relative
  target: claude
  value: .claude/skills/rfhub-investigate/references/classification.md
  runtime: null
  scope: project
  owners:
  - .
  active_owner: .
  content_hash: sha256:aa5863d270d242c41e9142e346a0c0208e42b4062409c00165e1029b15d1067f
- kind: project-relative
  target: claude
  value: .claude/skills/rfhub-investigate/references/metrics.md
  runtime: null
  scope: project
  owners:
  - .
  active_owner: .
  content_hash: sha256:0d8f7d84717a0a6d3f156daa4f343d927a5df57dced6ac060133fde13691ad4b
- kind: project-relative
  target: claude
  value: .claude/skills/rfhub-queue
  runtime: null
  scope: project
  owners:
  - .
  active_owner: .
  content_hash: null
- kind: project-relative
  target: claude
  value: .claude/skills/rfhub-queue/SKILL.md
  runtime: null
  scope: project
  owners:
  - .
  active_owner: .
  content_hash: sha256:0802ec5a9e8f08c8e3606e2c1c289411179bd690c9f16957dcb054ce83452aca
- kind: project-relative
  target: claude
  value: .claude/skills/rfhub-queue/evals/eval_queries.json
  runtime: null
  scope: project
  owners:
  - .
  active_owner: .
  content_hash: sha256:1ed6fc9b4792b3e265b2f0eae2fd2a1cfbc0e5db333451f6bb974dd566a5f696
- kind: project-relative
  target: claude
  value: .claude/skills/rfhub-queue/evals/evals.json
  runtime: null
  scope: project
  owners:
  - .
  active_owner: .
  content_hash: sha256:626468e2f32ff2a30db75702937022c99e67b0ea39e8761b01fa236faafd55be
- kind: project-relative
  target: claude
  value: .claude/skills/rfhub-queue/references/queue.md
  runtime: null
  scope: project
  owners:
  - .
  active_owner: .
  content_hash: sha256:bf38800581854e26d4504fc49cdbb20da8c6ec6756a1f8b35cf3fdd29f6e9d11
- kind: project-relative
  target: claude
  value: .claude/skills/rfhub-write-argumentfile
  runtime: null
  scope: project
  owners:
  - .
  active_owner: .
  content_hash: null
- kind: project-relative
  target: claude
  value: .claude/skills/rfhub-write-argumentfile/SKILL.md
  runtime: null
  scope: project
  owners:
  - .
  active_owner: .
  content_hash: sha256:46b0dd905eae2dd9ae9ab1711c0d236cef6e49d008d61651db164fe04795e156
- kind: project-relative
  target: claude
  value: .claude/skills/rfhub-write-argumentfile/evals/eval_queries.json
  runtime: null
  scope: project
  owners:
  - .
  active_owner: .
  content_hash: sha256:3d9911a9e79f8b8fce991b6e661a52ab59b9fdd1c05be2b43419d8a1b5b1e166
- kind: project-relative
  target: claude
  value: .claude/skills/rfhub-write-argumentfile/evals/evals.json
  runtime: null
  scope: project
  owners:
  - .
  active_owner: .
  content_hash: sha256:df38bfa5e47c294a5142d869d24a807111757cf281384a6f00fc9b3e0f1e22db
- kind: project-relative
  target: claude
  value: .claude/skills/rfhub-write-argumentfile/references/args-example.md
  runtime: null
  scope: project
  owners:
  - .
  active_owner: .
  content_hash: sha256:9035650b0be5efbc1a2654cef75f8b8b620dff242448f9ddccb18f3d187edff1
- kind: project-relative
  target: claude
  value: .claude/skills/rfhub-write-pythonkeyword
  runtime: null
  scope: project
  owners:
  - .
  active_owner: .
  content_hash: null
- kind: project-relative
  target: claude
  value: .claude/skills/rfhub-write-pythonkeyword/SKILL.md
  runtime: null
  scope: project
  owners:
  - .
  active_owner: .
  content_hash: sha256:54762fe024ca4614c9d08ee1f2aab61813e576d70d82959a6d7734ec2da1b48b
- kind: project-relative
  target: claude
  value: .claude/skills/rfhub-write-pythonkeyword/evals/eval_queries.json
  runtime: null
  scope: project
  owners:
  - .
  active_owner: .
  content_hash: sha256:e09a6322ee0bace1b6fbe439c7941d855f1d20a115870c7b59c52db876a376c3
- kind: project-relative
  target: claude
  value: .claude/skills/rfhub-write-pythonkeyword/evals/evals.json
  runtime: null
  scope: project
  owners:
  - .
  active_owner: .
  content_hash: sha256:510f01e006a63328f40d96e25032c1fce0d8b0da20c21216f653f4984db11c7d
- kind: project-relative
  target: claude
  value: .claude/skills/rfhub-write-pythonkeyword/references/overlay.md
  runtime: null
  scope: project
  owners:
  - .
  active_owner: .
  content_hash: sha256:713492d97abba84d8eebecda65e514990c5c94e1682d9dc19cd79f7eef06dbb9
- kind: project-relative
  target: claude
  value: .claude/skills/rfhub-write-resourcekeyword
  runtime: null
  scope: project
  owners:
  - .
  active_owner: .
  content_hash: null
- kind: project-relative
  target: claude
  value: .claude/skills/rfhub-write-resourcekeyword/SKILL.md
  runtime: null
  scope: project
  owners:
  - .
  active_owner: .
  content_hash: sha256:bf035fe591ffff4da1784c411f033a377798aeb4646bfd05bea5ce7e392ddf83
- kind: project-relative
  target: claude
  value: .claude/skills/rfhub-write-resourcekeyword/evals/eval_queries.json
  runtime: null
  scope: project
  owners:
  - .
  active_owner: .
  content_hash: sha256:224ae49c1fe2aa391038adff6a20eb9c551d34c98b23c8235c6160036e806aae
- kind: project-relative
  target: claude
  value: .claude/skills/rfhub-write-resourcekeyword/evals/evals.json
  runtime: null
  scope: project
  owners:
  - .
  active_owner: .
  content_hash: sha256:da7a5475721322c0e32832991771e0ad84f7b2baaf026ccdb9ba69441a87cc10
- kind: project-relative
  target: claude
  value: .claude/skills/rfhub-write-suite
  runtime: null
  scope: project
  owners:
  - .
  active_owner: .
  content_hash: null
- kind: project-relative
  target: claude
  value: .claude/skills/rfhub-write-suite/SKILL.md
  runtime: null
  scope: project
  owners:
  - .
  active_owner: .
  content_hash: sha256:0d8bdd80102d8cf53d4c0e2a44a22de67310264c9c3d69a9e76132c5e30b8b42
- kind: project-relative
  target: claude
  value: .claude/skills/rfhub-write-suite/evals/eval_queries.json
  runtime: null
  scope: project
  owners:
  - .
  active_owner: .
  content_hash: sha256:23f0e4905e2c1cb9f7bf0ddd215243b109a98642ea267c9a24ee79e60f4880dc
- kind: project-relative
  target: claude
  value: .claude/skills/rfhub-write-suite/evals/evals.json
  runtime: null
  scope: project
  owners:
  - .
  active_owner: .
  content_hash: sha256:332949ad41b44f1d9aae4a342059751ca053698af2dd1f124fb2bbce4714ee3e
- kind: project-relative
  target: claude
  value: .claude/skills/rfhub-write-suitekeyword
  runtime: null
  scope: project
  owners:
  - .
  active_owner: .
  content_hash: null
- kind: project-relative
  target: claude
  value: .claude/skills/rfhub-write-suitekeyword/SKILL.md
  runtime: null
  scope: project
  owners:
  - .
  active_owner: .
  content_hash: sha256:16a413ee4456c4e6e144bddf247e65c557aeb39d11cc565903d5c69f2a205194
- kind: project-relative
  target: claude
  value: .claude/skills/rfhub-write-suitekeyword/evals/eval_queries.json
  runtime: null
  scope: project
  owners:
  - .
  active_owner: .
  content_hash: sha256:f7fe7d5542f484f941566c9ee16d0f5556d2e38c50f0bfb5510bcf4cc9aea778
- kind: project-relative
  target: claude
  value: .claude/skills/rfhub-write-suitekeyword/evals/evals.json
  runtime: null
  scope: project
  owners:
  - .
  active_owner: .
  content_hash: sha256:b1508fb0bde0ad6be9e0de2b32eaa643266736d76f5825aedbeee11b93b5ebac
- kind: project-relative
  target: claude
  value: .claude/skills/rfhub-write-testcase
  runtime: null
  scope: project
  owners:
  - .
  active_owner: .
  content_hash: null
- kind: project-relative
  target: claude
  value: .claude/skills/rfhub-write-testcase/SKILL.md
  runtime: null
  scope: project
  owners:
  - .
  active_owner: .
  content_hash: sha256:1ea9c2dbac83fa25003d2be061ec4d996fb4f0492662209c2dbb6ae68668f03f
- kind: project-relative
  target: claude
  value: .claude/skills/rfhub-write-testcase/evals/eval_queries.json
  runtime: null
  scope: project
  owners:
  - .
  active_owner: .
  content_hash: sha256:e973819ddc539dfbc09abcc3e0c4e1e1f985d26a749a12a7014562d1657a4a28
- kind: project-relative
  target: claude
  value: .claude/skills/rfhub-write-testcase/evals/evals.json
  runtime: null
  scope: project
  owners:
  - .
  active_owner: .
  content_hash: sha256:61aea29e2334450353266981e7010068f0f407be7af928a3e6031290cbdbd205
- kind: project-relative
  target: claude
  value: .claude/skills/rfhub/SKILL.md
  runtime: null
  scope: project
  owners:
  - .
  active_owner: .
  content_hash: sha256:5071d727906e10952be6cb4d70e9b9e53b0f321f320ec99ac1e4ef0bb8ad1889
- kind: project-relative
  target: claude
  value: .claude/skills/rfhub/evals/eval_queries.json
  runtime: null
  scope: project
  owners:
  - .
  active_owner: .
  content_hash: sha256:b30a52a10ba094a1c8358221319e377f73f2c894b3cc53e5f2c9095f1a2e523c
- kind: project-relative
  target: claude
  value: .claude/skills/rfhub/evals/evals.json
  runtime: null
  scope: project
  owners:
  - .
  active_owner: .
  content_hash: sha256:95339c07d5a1275e198539f55271fc60ca4cce262931165a2e3d3260916d20d7
- kind: project-relative
  target: claude
  value: .claude/skills/rfhub/references/mcp-map.md
  runtime: null
  scope: project
  owners:
  - .
  active_owner: .
  content_hash: sha256:05cb387ee5a2d3ebc13050f1f7c5241b7244c9df093a81d071ff97c75dd752a5
- kind: project-relative
  target: cursor
  value: .cursor/rules/rfhub-failure-evidence.mdc
  runtime: null
  scope: project
  owners:
  - .
  active_owner: .
  content_hash: sha256:e8b60a2baca2966c2f466b03f2be1e6ff44db2ae0e1786aae481b896665ccd10
- kind: project-relative
  target: cursor
  value: .cursor/rules/rfhub-gherkin.mdc
  runtime: null
  scope: project
  owners:
  - .
  active_owner: .
  content_hash: sha256:ffcc6affb871600313127787629270da753314ef38ef5caeef0f4b887a6070f9
- kind: project-relative
  target: cursor
  value: .cursor/rules/rfhub-leaf-suites.mdc
  runtime: null
  scope: project
  owners:
  - .
  active_owner: .
  content_hash: sha256:1d27ae6faa8d3b175af15f7a41f2849f8faa435725b72694561cf7545c492832
- kind: project-relative
  target: cursor
  value: .cursor/rules/rfhub-stable-ids.mdc
  runtime: null
  scope: project
  owners:
  - .
  active_owner: .
  content_hash: sha256:17bdeccb0c65931b2843a596e5d407f75d561de6578d45027d57f8651aef3622
- kind: project-relative
  target: cursor
  value: .cursor/rules/rfhub-tag-placement.mdc
  runtime: null
  scope: project
  owners:
  - .
  active_owner: .
  content_hash: sha256:ca0e8a3acdd85fae08c2a46768e3df24786c1593cf8dc6fcd6445c8bcfc86775
- kind: project-relative
  target: legacy
  value: .agents/skills/rfhub-feedback
  runtime: null
  scope: project
  owners:
  - .
  active_owner: .
  content_hash: null
- kind: project-relative
  target: legacy
  value: .agents/skills/rfhub-feedback/SKILL.md
  runtime: null
  scope: project
  owners:
  - .
  active_owner: .
  content_hash: sha256:fa4f392e567f45c8d2357b7d33458feec1988098a466307eb7af94a555388c7a
- kind: project-relative
  target: legacy
  value: .agents/skills/rfhub-feedback/evals/eval_queries.json
  runtime: null
  scope: project
  owners:
  - .
  active_owner: .
  content_hash: sha256:3a6e45bb604da458943a1a62d8c3ecc6aa3e1e4a282ab2cc7b6ed62dc0b9d7eb
- kind: project-relative
  target: legacy
  value: .agents/skills/rfhub-feedback/evals/evals.json
  runtime: null
  scope: project
  owners:
  - .
  active_owner: .
  content_hash: sha256:364181d5c0ec362f3a87c23a9cca5cfe4e0b91d39a190f7bc4da39603fd2f2e2
- kind: project-relative
  target: legacy
  value: .agents/skills/rfhub-feedback/references/issue-templates.md
  runtime: null
  scope: project
  owners:
  - .
  active_owner: .
  content_hash: sha256:d174861e8b138ac65f458c0471a574577f50665b484f28ea4e9efd11f3bfc510
- kind: uri
  target: lsp
  value: robotcode
  runtime: claude
  scope: project
  owners:
  - .
  active_owner: .
  content_hash: null
- kind: uri
  target: mcp
  value: rf-hub
  runtime: claude
  scope: project
  owners:
  - .
  active_owner: .
  content_hash: null
- kind: uri
  target: mcp
  value: rfhub-dev
  runtime: claude
  scope: project
  owners:
  - .
  active_owner: .
  content_hash: null
mcp_servers:
- rf-hub
- rfhub-dev
mcp_configs:
  rf-hub:
    name: rf-hub
    transport: http
    registry: false
    headers:
      X-Rfhub-Skills-Version: 0.5.1
    url: https://rfhub.kerpo.org/api/mcp
  rfhub-dev:
    name: rfhub-dev
    transport: http
    registry: false
    headers:
      X-Rfhub-Skills-Version: 0.5.1
    url: http://127.0.0.1:2998/api/mcp
mcp_target_servers:
  claude:
  - rf-hub
  - rfhub-dev
lsp_servers:
- robotcode
lsp_configs:
  robotcode:
    name: robotcode
    command: robotcode
    args:
    - language-server
    - --stdio
    extensionToLanguage:
      .robot: robotframework
      .resource: robotframework
    transport: stdio
lsp_target_servers:
  claude:
  - robotcode
lsp_config_provenance:
  robotcode: project:.
local_deployed_files:
- .agents/skills/rfhub
- .agents/skills/rfhub-connect
- .agents/skills/rfhub-connect/SKILL.md
- .agents/skills/rfhub-connect/evals/eval_queries.json
- .agents/skills/rfhub-connect/evals/evals.json
- .agents/skills/rfhub-connect/references/mcp-json.md
- .agents/skills/rfhub-feedback
- .agents/skills/rfhub-feedback/SKILL.md
- .agents/skills/rfhub-feedback/evals/eval_queries.json
- .agents/skills/rfhub-feedback/evals/evals.json
- .agents/skills/rfhub-feedback/references/issue-templates.md
- .agents/skills/rfhub-investigate
- .agents/skills/rfhub-investigate/SKILL.md
- .agents/skills/rfhub-investigate/evals/eval_queries.json
- .agents/skills/rfhub-investigate/evals/evals.json
- .agents/skills/rfhub-investigate/references/metrics.md
- .agents/skills/rfhub-queue
- .agents/skills/rfhub-queue/SKILL.md
- .agents/skills/rfhub-queue/evals/eval_queries.json
- .agents/skills/rfhub-queue/evals/evals.json
- .agents/skills/rfhub-queue/references/queue.md
- .agents/skills/rfhub-write-argumentfile
- .agents/skills/rfhub-write-argumentfile/SKILL.md
- .agents/skills/rfhub-write-argumentfile/evals/eval_queries.json
- .agents/skills/rfhub-write-argumentfile/evals/evals.json
- .agents/skills/rfhub-write-argumentfile/references/args-example.md
- .agents/skills/rfhub-write-pythonkeyword
- .agents/skills/rfhub-write-pythonkeyword/SKILL.md
- .agents/skills/rfhub-write-pythonkeyword/evals/eval_queries.json
- .agents/skills/rfhub-write-pythonkeyword/evals/evals.json
- .agents/skills/rfhub-write-pythonkeyword/references/overlay.md
- .agents/skills/rfhub-write-resourcekeyword
- .agents/skills/rfhub-write-resourcekeyword/SKILL.md
- .agents/skills/rfhub-write-resourcekeyword/evals/eval_queries.json
- .agents/skills/rfhub-write-resourcekeyword/evals/evals.json
- .agents/skills/rfhub-write-suite
- .agents/skills/rfhub-write-suite/SKILL.md
- .agents/skills/rfhub-write-suite/evals/eval_queries.json
- .agents/skills/rfhub-write-suite/evals/evals.json
- .agents/skills/rfhub-write-suitekeyword
- .agents/skills/rfhub-write-suitekeyword/SKILL.md
- .agents/skills/rfhub-write-suitekeyword/evals/eval_queries.json
- .agents/skills/rfhub-write-suitekeyword/evals/evals.json
- .agents/skills/rfhub-write-testcase
- .agents/skills/rfhub-write-testcase/SKILL.md
- .agents/skills/rfhub-write-testcase/evals/eval_queries.json
- .agents/skills/rfhub-write-testcase/evals/evals.json
- .agents/skills/rfhub/SKILL.md
- .agents/skills/rfhub/evals/eval_queries.json
- .agents/skills/rfhub/evals/evals.json
- .agents/skills/rfhub/references/mcp-map.md
- .claude/rules/rfhub-failure-evidence.md
- .claude/rules/rfhub-gherkin.md
- .claude/rules/rfhub-leaf-suites.md
- .claude/rules/rfhub-stable-ids.md
- .claude/rules/rfhub-tag-placement.md
- .claude/skills/rfhub
- .claude/skills/rfhub-connect
- .claude/skills/rfhub-connect/SKILL.md
- .claude/skills/rfhub-connect/evals/eval_queries.json
- .claude/skills/rfhub-connect/evals/evals.json
- .claude/skills/rfhub-connect/references/mcp-json.md
- .claude/skills/rfhub-feedback
- .claude/skills/rfhub-feedback/SKILL.md
- .claude/skills/rfhub-feedback/evals/eval_queries.json
- .claude/skills/rfhub-feedback/evals/evals.json
- .claude/skills/rfhub-feedback/references/issue-templates.md
- .claude/skills/rfhub-fixloop
- .claude/skills/rfhub-fixloop/SKILL.md
- .claude/skills/rfhub-fixloop/evals/eval_queries.json
- .claude/skills/rfhub-fixloop/evals/evals.json
- .claude/skills/rfhub-investigate
- .claude/skills/rfhub-investigate/SKILL.md
- .claude/skills/rfhub-investigate/evals/eval_queries.json
- .claude/skills/rfhub-investigate/evals/evals.json
- .claude/skills/rfhub-investigate/references/classification.md
- .claude/skills/rfhub-investigate/references/metrics.md
- .claude/skills/rfhub-queue
- .claude/skills/rfhub-queue/SKILL.md
- .claude/skills/rfhub-queue/evals/eval_queries.json
- .claude/skills/rfhub-queue/evals/evals.json
- .claude/skills/rfhub-queue/references/queue.md
- .claude/skills/rfhub-write-argumentfile
- .claude/skills/rfhub-write-argumentfile/SKILL.md
- .claude/skills/rfhub-write-argumentfile/evals/eval_queries.json
- .claude/skills/rfhub-write-argumentfile/evals/evals.json
- .claude/skills/rfhub-write-argumentfile/references/args-example.md
- .claude/skills/rfhub-write-pythonkeyword
- .claude/skills/rfhub-write-pythonkeyword/SKILL.md
- .claude/skills/rfhub-write-pythonkeyword/evals/eval_queries.json
- .claude/skills/rfhub-write-pythonkeyword/evals/evals.json
- .claude/skills/rfhub-write-pythonkeyword/references/overlay.md
- .claude/skills/rfhub-write-resourcekeyword
- .claude/skills/rfhub-write-resourcekeyword/SKILL.md
- .claude/skills/rfhub-write-resourcekeyword/evals/eval_queries.json
- .claude/skills/rfhub-write-resourcekeyword/evals/evals.json
- .claude/skills/rfhub-write-suite
- .claude/skills/rfhub-write-suite/SKILL.md
- .claude/skills/rfhub-write-suite/evals/eval_queries.json
- .claude/skills/rfhub-write-suite/evals/evals.json
- .claude/skills/rfhub-write-suitekeyword
- .claude/skills/rfhub-write-suitekeyword/SKILL.md
- .claude/skills/rfhub-write-suitekeyword/evals/eval_queries.json
- .claude/skills/rfhub-write-suitekeyword/evals/evals.json
- .claude/skills/rfhub-write-testcase
- .claude/skills/rfhub-write-testcase/SKILL.md
- .claude/skills/rfhub-write-testcase/evals/eval_queries.json
- .claude/skills/rfhub-write-testcase/evals/evals.json
- .claude/skills/rfhub/SKILL.md
- .claude/skills/rfhub/evals/eval_queries.json
- .claude/skills/rfhub/evals/evals.json
- .claude/skills/rfhub/references/mcp-map.md
- .cursor/rules/rfhub-failure-evidence.mdc
- .cursor/rules/rfhub-gherkin.mdc
- .cursor/rules/rfhub-leaf-suites.mdc
- .cursor/rules/rfhub-stable-ids.mdc
- .cursor/rules/rfhub-tag-placement.mdc
local_deployed_file_hashes:
  .agents/skills/rfhub-connect/SKILL.md: sha256:03f5c633780b19e1e4afef509c49f4f83b01071a0b8b9f3b52f384e48c0f7fbd
  .agents/skills/rfhub-connect/evals/eval_queries.json: sha256:222d64e67b01697f405b018da0efd32fe6fb96362475827bd384687af8de6cb6
  .agents/skills/rfhub-connect/evals/evals.json: sha256:750c17b96b3e776c2d4ab707d6cacac6bbb5f256e423638bcbe26b46a65ed3da
  .agents/skills/rfhub-connect/references/mcp-json.md: sha256:91c7986e4bf239276b3122a0269054899405e07238091afebaaf10f8a5106b03
  .agents/skills/rfhub-feedback/SKILL.md: sha256:fa4f392e567f45c8d2357b7d33458feec1988098a466307eb7af94a555388c7a
  .agents/skills/rfhub-feedback/evals/eval_queries.json: sha256:3a6e45bb604da458943a1a62d8c3ecc6aa3e1e4a282ab2cc7b6ed62dc0b9d7eb
  .agents/skills/rfhub-feedback/evals/evals.json: sha256:364181d5c0ec362f3a87c23a9cca5cfe4e0b91d39a190f7bc4da39603fd2f2e2
  .agents/skills/rfhub-feedback/references/issue-templates.md: sha256:d174861e8b138ac65f458c0471a574577f50665b484f28ea4e9efd11f3bfc510
  .agents/skills/rfhub-investigate/SKILL.md: sha256:5fd220d63542a7ace8c52dbf956f88d13eccc3a384f7d75f5e24a57d39ecfb35
  .agents/skills/rfhub-investigate/evals/eval_queries.json: sha256:4a13850b817c5d5bb6a9c67777f449992be07702c519cac30ee0cbfac961b2ee
  .agents/skills/rfhub-investigate/evals/evals.json: sha256:99beff9e25839014db62e43ca655f32011b608738d0e6892f42d93d58201c1a4
  .agents/skills/rfhub-investigate/references/metrics.md: sha256:0d8f7d84717a0a6d3f156daa4f343d927a5df57dced6ac060133fde13691ad4b
  .agents/skills/rfhub-queue/SKILL.md: sha256:0802ec5a9e8f08c8e3606e2c1c289411179bd690c9f16957dcb054ce83452aca
  .agents/skills/rfhub-queue/evals/eval_queries.json: sha256:1ed6fc9b4792b3e265b2f0eae2fd2a1cfbc0e5db333451f6bb974dd566a5f696
  .agents/skills/rfhub-queue/evals/evals.json: sha256:626468e2f32ff2a30db75702937022c99e67b0ea39e8761b01fa236faafd55be
  .agents/skills/rfhub-queue/references/queue.md: sha256:bf38800581854e26d4504fc49cdbb20da8c6ec6756a1f8b35cf3fdd29f6e9d11
  .agents/skills/rfhub-write-argumentfile/SKILL.md: sha256:46b0dd905eae2dd9ae9ab1711c0d236cef6e49d008d61651db164fe04795e156
  .agents/skills/rfhub-write-argumentfile/evals/eval_queries.json: sha256:3d9911a9e79f8b8fce991b6e661a52ab59b9fdd1c05be2b43419d8a1b5b1e166
  .agents/skills/rfhub-write-argumentfile/evals/evals.json: sha256:df38bfa5e47c294a5142d869d24a807111757cf281384a6f00fc9b3e0f1e22db
  .agents/skills/rfhub-write-argumentfile/references/args-example.md: sha256:9035650b0be5efbc1a2654cef75f8b8b620dff242448f9ddccb18f3d187edff1
  .agents/skills/rfhub-write-pythonkeyword/SKILL.md: sha256:54762fe024ca4614c9d08ee1f2aab61813e576d70d82959a6d7734ec2da1b48b
  .agents/skills/rfhub-write-pythonkeyword/evals/eval_queries.json: sha256:e09a6322ee0bace1b6fbe439c7941d855f1d20a115870c7b59c52db876a376c3
  .agents/skills/rfhub-write-pythonkeyword/evals/evals.json: sha256:510f01e006a63328f40d96e25032c1fce0d8b0da20c21216f653f4984db11c7d
  .agents/skills/rfhub-write-pythonkeyword/references/overlay.md: sha256:713492d97abba84d8eebecda65e514990c5c94e1682d9dc19cd79f7eef06dbb9
  .agents/skills/rfhub-write-resourcekeyword/SKILL.md: sha256:bf035fe591ffff4da1784c411f033a377798aeb4646bfd05bea5ce7e392ddf83
  .agents/skills/rfhub-write-resourcekeyword/evals/eval_queries.json: sha256:224ae49c1fe2aa391038adff6a20eb9c551d34c98b23c8235c6160036e806aae
  .agents/skills/rfhub-write-resourcekeyword/evals/evals.json: sha256:da7a5475721322c0e32832991771e0ad84f7b2baaf026ccdb9ba69441a87cc10
  .agents/skills/rfhub-write-suite/SKILL.md: sha256:0d8bdd80102d8cf53d4c0e2a44a22de67310264c9c3d69a9e76132c5e30b8b42
  .agents/skills/rfhub-write-suite/evals/eval_queries.json: sha256:23f0e4905e2c1cb9f7bf0ddd215243b109a98642ea267c9a24ee79e60f4880dc
  .agents/skills/rfhub-write-suite/evals/evals.json: sha256:332949ad41b44f1d9aae4a342059751ca053698af2dd1f124fb2bbce4714ee3e
  .agents/skills/rfhub-write-suitekeyword/SKILL.md: sha256:16a413ee4456c4e6e144bddf247e65c557aeb39d11cc565903d5c69f2a205194
  .agents/skills/rfhub-write-suitekeyword/evals/eval_queries.json: sha256:f7fe7d5542f484f941566c9ee16d0f5556d2e38c50f0bfb5510bcf4cc9aea778
  .agents/skills/rfhub-write-suitekeyword/evals/evals.json: sha256:b1508fb0bde0ad6be9e0de2b32eaa643266736d76f5825aedbeee11b93b5ebac
  .agents/skills/rfhub-write-testcase/SKILL.md: sha256:1ea9c2dbac83fa25003d2be061ec4d996fb4f0492662209c2dbb6ae68668f03f
  .agents/skills/rfhub-write-testcase/evals/eval_queries.json: sha256:e973819ddc539dfbc09abcc3e0c4e1e1f985d26a749a12a7014562d1657a4a28
  .agents/skills/rfhub-write-testcase/evals/evals.json: sha256:61aea29e2334450353266981e7010068f0f407be7af928a3e6031290cbdbd205
  .agents/skills/rfhub/SKILL.md: sha256:be7daf2c8e3751a56bd290b4733f14414cab7b48cafcea16b8d732210981eef9
  .agents/skills/rfhub/evals/eval_queries.json: sha256:b30a52a10ba094a1c8358221319e377f73f2c894b3cc53e5f2c9095f1a2e523c
  .agents/skills/rfhub/evals/evals.json: sha256:95339c07d5a1275e198539f55271fc60ca4cce262931165a2e3d3260916d20d7
  .agents/skills/rfhub/references/mcp-map.md: sha256:05cb387ee5a2d3ebc13050f1f7c5241b7244c9df093a81d071ff97c75dd752a5
  .claude/rules/rfhub-failure-evidence.md: sha256:6ad8f76873d699ed9e6961a6b6cf1838e8f2e1e4e99519b47cd1375ced4a5ef8
  .claude/rules/rfhub-gherkin.md: sha256:038de08d02a4b57d5e0c7295c1f88cc3a005ffd5a352473fef6cd4c09a523921
  .claude/rules/rfhub-leaf-suites.md: sha256:b06e1d81d6ae9ce3f3e5963d55b1361f1b2c371165386c47fb26666f35d23741
  .claude/rules/rfhub-stable-ids.md: sha256:cbfd51329811c9f22126f0c8eb731d308e923c50df06ddce9917a0fadd48e079
  .claude/rules/rfhub-tag-placement.md: sha256:62fa01f13200c8263f5a335828834f3d8376b130967007b584734fe29e14ebe9
  .claude/skills/rfhub-connect/SKILL.md: sha256:03f5c633780b19e1e4afef509c49f4f83b01071a0b8b9f3b52f384e48c0f7fbd
  .claude/skills/rfhub-connect/evals/eval_queries.json: sha256:222d64e67b01697f405b018da0efd32fe6fb96362475827bd384687af8de6cb6
  .claude/skills/rfhub-connect/evals/evals.json: sha256:750c17b96b3e776c2d4ab707d6cacac6bbb5f256e423638bcbe26b46a65ed3da
  .claude/skills/rfhub-connect/references/mcp-json.md: sha256:91c7986e4bf239276b3122a0269054899405e07238091afebaaf10f8a5106b03
  .claude/skills/rfhub-feedback/SKILL.md: sha256:daa3f6a8517ac84b0df70ef87682bf9b18cbf4554c287baf223e51d2963d0090
  .claude/skills/rfhub-feedback/evals/eval_queries.json: sha256:3a6e45bb604da458943a1a62d8c3ecc6aa3e1e4a282ab2cc7b6ed62dc0b9d7eb
  .claude/skills/rfhub-feedback/evals/evals.json: sha256:b5ef9ca4351ef96cfc2960217b30db23652cbb3adf963358695790c6c752d0d1
  .claude/skills/rfhub-feedback/references/issue-templates.md: sha256:f3cd176f677108b498ebb300e407bcf6daa9bad5673ba627defc9a8e3da3d804
  .claude/skills/rfhub-fixloop/SKILL.md: sha256:3176bbaf074a0168115a200ab3f07a7dddd06b2e728f22df440f3e90217bea87
  .claude/skills/rfhub-fixloop/evals/eval_queries.json: sha256:b7f2b82b68c8d65a81a28e5497b0eacb4537762ea0161ded6144dc5dc349f66a
  .claude/skills/rfhub-fixloop/evals/evals.json: sha256:a84973f40beda5aac2cc769193a6408eb84bf5c1a4f75e5b2ea9165787a7243a
  .claude/skills/rfhub-investigate/SKILL.md: sha256:96805c15ef91f4b856e6df69e9dfb2e3072a0e6366f12059567d77f18beddd6f
  .claude/skills/rfhub-investigate/evals/eval_queries.json: sha256:cd135499627767490606c1a00c4fc7d41889bd7c27a1003376b1f567a7b63002
  .claude/skills/rfhub-investigate/evals/evals.json: sha256:a9003564847e391735fa6ee085e69f31392f188b275e8ba17fd36bed53b2c945
  .claude/skills/rfhub-investigate/references/classification.md: sha256:aa5863d270d242c41e9142e346a0c0208e42b4062409c00165e1029b15d1067f
  .claude/skills/rfhub-investigate/references/metrics.md: sha256:0d8f7d84717a0a6d3f156daa4f343d927a5df57dced6ac060133fde13691ad4b
  .claude/skills/rfhub-queue/SKILL.md: sha256:0802ec5a9e8f08c8e3606e2c1c289411179bd690c9f16957dcb054ce83452aca
  .claude/skills/rfhub-queue/evals/eval_queries.json: sha256:1ed6fc9b4792b3e265b2f0eae2fd2a1cfbc0e5db333451f6bb974dd566a5f696
  .claude/skills/rfhub-queue/evals/evals.json: sha256:626468e2f32ff2a30db75702937022c99e67b0ea39e8761b01fa236faafd55be
  .claude/skills/rfhub-queue/references/queue.md: sha256:bf38800581854e26d4504fc49cdbb20da8c6ec6756a1f8b35cf3fdd29f6e9d11
  .claude/skills/rfhub-write-argumentfile/SKILL.md: sha256:46b0dd905eae2dd9ae9ab1711c0d236cef6e49d008d61651db164fe04795e156
  .claude/skills/rfhub-write-argumentfile/evals/eval_queries.json: sha256:3d9911a9e79f8b8fce991b6e661a52ab59b9fdd1c05be2b43419d8a1b5b1e166
  .claude/skills/rfhub-write-argumentfile/evals/evals.json: sha256:df38bfa5e47c294a5142d869d24a807111757cf281384a6f00fc9b3e0f1e22db
  .claude/skills/rfhub-write-argumentfile/references/args-example.md: sha256:9035650b0be5efbc1a2654cef75f8b8b620dff242448f9ddccb18f3d187edff1
  .claude/skills/rfhub-write-pythonkeyword/SKILL.md: sha256:54762fe024ca4614c9d08ee1f2aab61813e576d70d82959a6d7734ec2da1b48b
  .claude/skills/rfhub-write-pythonkeyword/evals/eval_queries.json: sha256:e09a6322ee0bace1b6fbe439c7941d855f1d20a115870c7b59c52db876a376c3
  .claude/skills/rfhub-write-pythonkeyword/evals/evals.json: sha256:510f01e006a63328f40d96e25032c1fce0d8b0da20c21216f653f4984db11c7d
  .claude/skills/rfhub-write-pythonkeyword/references/overlay.md: sha256:713492d97abba84d8eebecda65e514990c5c94e1682d9dc19cd79f7eef06dbb9
  .claude/skills/rfhub-write-resourcekeyword/SKILL.md: sha256:bf035fe591ffff4da1784c411f033a377798aeb4646bfd05bea5ce7e392ddf83
  .claude/skills/rfhub-write-resourcekeyword/evals/eval_queries.json: sha256:224ae49c1fe2aa391038adff6a20eb9c551d34c98b23c8235c6160036e806aae
  .claude/skills/rfhub-write-resourcekeyword/evals/evals.json: sha256:da7a5475721322c0e32832991771e0ad84f7b2baaf026ccdb9ba69441a87cc10
  .claude/skills/rfhub-write-suite/SKILL.md: sha256:0d8bdd80102d8cf53d4c0e2a44a22de67310264c9c3d69a9e76132c5e30b8b42
  .claude/skills/rfhub-write-suite/evals/eval_queries.json: sha256:23f0e4905e2c1cb9f7bf0ddd215243b109a98642ea267c9a24ee79e60f4880dc
  .claude/skills/rfhub-write-suite/evals/evals.json: sha256:332949ad41b44f1d9aae4a342059751ca053698af2dd1f124fb2bbce4714ee3e
  .claude/skills/rfhub-write-suitekeyword/SKILL.md: sha256:16a413ee4456c4e6e144bddf247e65c557aeb39d11cc565903d5c69f2a205194
  .claude/skills/rfhub-write-suitekeyword/evals/eval_queries.json: sha256:f7fe7d5542f484f941566c9ee16d0f5556d2e38c50f0bfb5510bcf4cc9aea778
  .claude/skills/rfhub-write-suitekeyword/evals/evals.json: sha256:b1508fb0bde0ad6be9e0de2b32eaa643266736d76f5825aedbeee11b93b5ebac
  .claude/skills/rfhub-write-testcase/SKILL.md: sha256:1ea9c2dbac83fa25003d2be061ec4d996fb4f0492662209c2dbb6ae68668f03f
  .claude/skills/rfhub-write-testcase/evals/eval_queries.json: sha256:e973819ddc539dfbc09abcc3e0c4e1e1f985d26a749a12a7014562d1657a4a28
  .claude/skills/rfhub-write-testcase/evals/evals.json: sha256:61aea29e2334450353266981e7010068f0f407be7af928a3e6031290cbdbd205
  .claude/skills/rfhub/SKILL.md: sha256:5071d727906e10952be6cb4d70e9b9e53b0f321f320ec99ac1e4ef0bb8ad1889
  .claude/skills/rfhub/evals/eval_queries.json: sha256:b30a52a10ba094a1c8358221319e377f73f2c894b3cc53e5f2c9095f1a2e523c
  .claude/skills/rfhub/evals/evals.json: sha256:95339c07d5a1275e198539f55271fc60ca4cce262931165a2e3d3260916d20d7
  .claude/skills/rfhub/references/mcp-map.md: sha256:05cb387ee5a2d3ebc13050f1f7c5241b7244c9df093a81d071ff97c75dd752a5
  .cursor/rules/rfhub-failure-evidence.mdc: sha256:e8b60a2baca2966c2f466b03f2be1e6ff44db2ae0e1786aae481b896665ccd10
  .cursor/rules/rfhub-gherkin.mdc: sha256:ffcc6affb871600313127787629270da753314ef38ef5caeef0f4b887a6070f9
  .cursor/rules/rfhub-leaf-suites.mdc: sha256:1d27ae6faa8d3b175af15f7a41f2849f8faa435725b72694561cf7545c492832
  .cursor/rules/rfhub-stable-ids.mdc: sha256:17bdeccb0c65931b2843a596e5d407f75d561de6578d45027d57f8651aef3622
  .cursor/rules/rfhub-tag-placement.mdc: sha256:ca0e8a3acdd85fae08c2a46768e3df24786c1593cf8dc6fcd6445c8bcfc86775
